
Microsoft Visual Studio Solution File, Format Version 12.00
# Visual Studio Version 16
VisualStudioVersion = 16.0.31112.23
MinimumVisualStudioVersion = 10.0.40219.1
Project("{FAE04EC0-301F-11D3-BF4B-00C04F79EFBC}") = "PizzaProjekt", "PizzaProjekt\PizzaProjekt.csproj", "{D9FB4673-87BF-4326-9F3A-CC10FC6F2631}"
EndProject
Global
	GlobalSection(SolutionConfigurationPlatforms) = preSolution
		Debug|Any CPU = Debug|Any CPU
		Release|Any CPU = Release|Any CPU
	EndGlobalSection
	GlobalSection(ProjectConfigurationPlatforms) = postSolution
		{D9FB4673-87BF-4326-9F3A-CC10FC6F2631}.Debug|Any CPU.ActiveCfg = Debug|Any CPU
		{D9FB4673-87BF-4326-9F3A-CC10FC6F2631}.Debug|Any CPU.Build.0 = Debug|Any CPU
		{D9FB4673-87BF-4326-9F3A-CC10FC6F2631}.Release|Any CPU.ActiveCfg = Release|Any CPU
		{D9FB4673-87BF-4326-9F3A-CC10FC6F2631}.Release|Any CPU.Build.0 = Release|Any CPU
	EndGlobalSection
	GlobalSection(SolutionProperties) = preSolution
		HideSolutionNode = FALSE
	EndGlobalSection
	GlobalSection(ExtensibilityGlobals) = postSolution
		SolutionGuid = {63F6FDB1-8714-4845-9957-45005468FB69}
	EndGlobalSection
EndGlobal
